
Microsoft Visual Studio Solution File, Format Version 12.00
# Visual Studio 2012
Project("{8BC9CEB8-8B4A-11D0-8D11-00A0C91BC942}") = "ES1.3", "ES1.3\ES1.3.vcxproj", "{85E81EE7-46F1-4E1E-B081-935883F51011}"
EndProject
Global
	GlobalSection(SolutionConfigurationPlatforms) = preSolution
		Debug|Win32 = Debug|Win32
		Release|Win32 = Release|Win32
	EndGlobalSection
	GlobalSection(ProjectConfigurationPlatforms) = postSolution
		{85E81EE7-46F1-4E1E-B081-935883F51011}.Debug|Win32.ActiveCfg = Debug|Win32
		{85E81EE7-46F1-4E1E-B081-935883F51011}.Debug|Win32.Build.0 = Debug|Win32
		{85E81EE7-46F1-4E1E-B081-935883F51011}.Release|Win32.ActiveCfg = Release|Win32
		{85E81EE7-46F1-4E1E-B081-935883F51011}.Release|Win32.Build.0 = Release|Win32
	EndGlobalSection
	GlobalSection(SolutionProperties) = preSolution
		HideSolutionNode = FALSE
	EndGlobalSection
EndGlobal
