
Microsoft Visual Studio Solution File, Format Version 12.00
# Visual Studio 2012
Project("{8BC9CEB8-8B4A-11D0-8D11-00A0C91BC942}") = "ES1.21", "ES1.21\ES1.21.vcxproj", "{C0DE7EAE-33CF-4BEC-95BD-A2C2F6AD9AC8}"
EndProject
Global
	GlobalSection(SolutionConfigurationPlatforms) = preSolution
		Debug|Win32 = Debug|Win32
		Release|Win32 = Release|Win32
	EndGlobalSection
	GlobalSection(ProjectConfigurationPlatforms) = postSolution
		{C0DE7EAE-33CF-4BEC-95BD-A2C2F6AD9AC8}.Debug|Win32.ActiveCfg = Debug|Win32
		{C0DE7EAE-33CF-4BEC-95BD-A2C2F6AD9AC8}.Debug|Win32.Build.0 = Debug|Win32
		{C0DE7EAE-33CF-4BEC-95BD-A2C2F6AD9AC8}.Release|Win32.ActiveCfg = Release|Win32
		{C0DE7EAE-33CF-4BEC-95BD-A2C2F6AD9AC8}.Release|Win32.Build.0 = Release|Win32
	EndGlobalSection
	GlobalSection(SolutionProperties) = preSolution
		HideSolutionNode = FALSE
	EndGlobalSection
EndGlobal
